
Microsoft Visual Studio Solution File, Format Version 12.00
# Visual Studio 2012
Project("{FAE04EC0-301F-11D3-BF4B-00C04F79EFBC}") = "Shop Server", "Shop Server\Shop Server.csproj", "{64100EA6-9200-411D-A9AA-E0E01E61DF90}"
EndProject
Project("{FAE04EC0-301F-11D3-BF4B-00C04F79EFBC}") = "Warehouse Server", "Warehouse Server\Warehouse Server.csproj", "{2EAFD875-FBBE-4E3E-AFA6-3E8BBB395939}"
EndProject
Project("{FAE04EC0-301F-11D3-BF4B-00C04F79EFBC}") = "Shop GUI", "Shop GUI\Shop GUI.csproj", "{91DD5929-52F0-4CBB-90E1-901C45CD5ACC}"
EndProject
Project("{E24C65DC-7377-472B-9ABA-BC803B73C61A}") = "Website(1)", "http://localhost:5181", "{413FF3C4-1993-461C-818F-54F7C3EC184B}"
	ProjectSection(WebsiteProperties) = preProject
		UseIISExpress = "true"
		TargetFrameworkMoniker = ".NETFramework,Version%3Dv4.5"
		Debug.AspNetCompiler.VirtualPath = "/localhost_5181"
		Debug.AspNetCompiler.PhysicalPath = "Website\"
		Debug.AspNetCompiler.TargetPath = "PrecompiledWeb\localhost_5181\"
		Debug.AspNetCompiler.Updateable = "true"
		Debug.AspNetCompiler.ForceOverwrite = "true"
		Debug.AspNetCompiler.FixedNames = "false"
		Debug.AspNetCompiler.Debug = "True"
		Release.AspNetCompiler.VirtualPath = "/localhost_5181"
		Release.AspNetCompiler.PhysicalPath = "Website\"
		Release.AspNetCompiler.TargetPath = "PrecompiledWeb\localhost_5181\"
		Release.AspNetCompiler.Updateable = "true"
		Release.AspNetCompiler.ForceOverwrite = "true"
		Release.AspNetCompiler.FixedNames = "false"
		Release.AspNetCompiler.Debug = "False"
		SlnRelativePath = "Website\"
		DefaultWebSiteLanguage = "Visual C#"
	EndProjectSection
EndProject
Project("{FAE04EC0-301F-11D3-BF4B-00C04F79EFBC}") = "Warehouse GUI", "Warehouse GUI\Warehouse GUI.csproj", "{950E02A9-1D73-4569-863A-B6CFB9E93AFD}"
EndProject
Project("{FAE04EC0-301F-11D3-BF4B-00C04F79EFBC}") = "Shop Printer", "Shop Printer\Shop Printer.csproj", "{9DB8D3B2-5CD8-46D0-A6C9-ADE88586D4CF}"
EndProject
Global
	GlobalSection(SolutionConfigurationPlatforms) = preSolution
		Debug|Any CPU = Debug|Any CPU
		Release|Any CPU = Release|Any CPU
	EndGlobalSection
	GlobalSection(ProjectConfigurationPlatforms) = postSolution
		{64100EA6-9200-411D-A9AA-E0E01E61DF90}.Debug|Any CPU.ActiveCfg = Debug|Any CPU
		{64100EA6-9200-411D-A9AA-E0E01E61DF90}.Debug|Any CPU.Build.0 = Debug|Any CPU
		{64100EA6-9200-411D-A9AA-E0E01E61DF90}.Release|Any CPU.ActiveCfg = Release|Any CPU
		{64100EA6-9200-411D-A9AA-E0E01E61DF90}.Release|Any CPU.Build.0 = Release|Any CPU
		{2EAFD875-FBBE-4E3E-AFA6-3E8BBB395939}.Debug|Any CPU.ActiveCfg = Debug|Any CPU
		{2EAFD875-FBBE-4E3E-AFA6-3E8BBB395939}.Debug|Any CPU.Build.0 = Debug|Any CPU
		{2EAFD875-FBBE-4E3E-AFA6-3E8BBB395939}.Release|Any CPU.ActiveCfg = Release|Any CPU
		{2EAFD875-FBBE-4E3E-AFA6-3E8BBB395939}.Release|Any CPU.Build.0 = Release|Any CPU
		{91DD5929-52F0-4CBB-90E1-901C45CD5ACC}.Debug|Any CPU.ActiveCfg = Debug|Any CPU
		{91DD5929-52F0-4CBB-90E1-901C45CD5ACC}.Debug|Any CPU.Build.0 = Debug|Any CPU
		{91DD5929-52F0-4CBB-90E1-901C45CD5ACC}.Release|Any CPU.ActiveCfg = Release|Any CPU
		{91DD5929-52F0-4CBB-90E1-901C45CD5ACC}.Release|Any CPU.Build.0 = Release|Any CPU
		{413FF3C4-1993-461C-818F-54F7C3EC184B}.Debug|Any CPU.ActiveCfg = Debug|Any CPU
		{413FF3C4-1993-461C-818F-54F7C3EC184B}.Debug|Any CPU.Build.0 = Debug|Any CPU
		{413FF3C4-1993-461C-818F-54F7C3EC184B}.Release|Any CPU.ActiveCfg = Debug|Any CPU
		{413FF3C4-1993-461C-818F-54F7C3EC184B}.Release|Any CPU.Build.0 = Debug|Any CPU
		{950E02A9-1D73-4569-863A-B6CFB9E93AFD}.Debug|Any CPU.ActiveCfg = Debug|Any CPU
		{950E02A9-1D73-4569-863A-B6CFB9E93AFD}.Debug|Any CPU.Build.0 = Debug|Any CPU
		{950E02A9-1D73-4569-863A-B6CFB9E93AFD}.Release|Any CPU.ActiveCfg = Release|Any CPU
		{950E02A9-1D73-4569-863A-B6CFB9E93AFD}.Release|Any CPU.Build.0 = Release|Any CPU
		{9DB8D3B2-5CD8-46D0-A6C9-ADE88586D4CF}.Debug|Any CPU.ActiveCfg = Debug|Any CPU
		{9DB8D3B2-5CD8-46D0-A6C9-ADE88586D4CF}.Debug|Any CPU.Build.0 = Debug|Any CPU
		{9DB8D3B2-5CD8-46D0-A6C9-ADE88586D4CF}.Release|Any CPU.ActiveCfg = Release|Any CPU
		{9DB8D3B2-5CD8-46D0-A6C9-ADE88586D4CF}.Release|Any CPU.Build.0 = Release|Any CPU
	EndGlobalSection
	GlobalSection(SolutionProperties) = preSolution
		HideSolutionNode = FALSE
	EndGlobalSection
EndGlobal
